// !$*UTF8*$!
{
	archiveVersion = 1;
	classes = {
	};
	objectVersion = 46;
	objects = {

/* Begin PBXBuildFile section */
		474D4C6E1BFA06A400D52396 /* main.m in Sources */ = {isa = PBXBuildFile; fileRef = 474D4C6D1BFA06A400D52396 /* main.m */; };
		474D4C711BFA06A400D52396 /* AppDelegate.m in Sources */ = {isa = PBXBuildFile; fileRef = 474D4C701BFA06A400D52396 /* AppDelegate.m */; };
		474D4C741BFA06A400D52396 /* ViewController.m in Sources */ = {isa = PBXBuildFile; fileRef = 474D4C731BFA06A400D52396 /* ViewController.m */; };
		474D4C771BFA06A400D52396 /* Main.storyboard in Resources */ = {isa = PBXBuildFile; fileRef = 474D4C751BFA06A400D52396 /* Main.storyboard */; };
		474D4C7C1BFA06A400D52396 /* LaunchScreen.storyboard in Resources */ = {isa = PBXBuildFile; fileRef = 474D4C7A1BFA06A400D52396 /* LaunchScreen.storyboard */; };
		474D4C871BFA06A400D52396 /* __Tests.m in Sources */ = {isa = PBXBuildFile; fileRef = 474D4C861BFA06A400D52396 /* __Tests.m */; };
		474D4C921BFA06A400D52396 /* __UITests.m in Sources */ = {isa = PBXBuildFile; fileRef = 474D4C911BFA06A400D52396 /* __UITests.m */; };
		474D4CA01BFA06F600D52396 /* Assets.xcassets in Resources */ = {isa = PBXBuildFile; fileRef = 474D4C9F1BFA06F600D52396 /* Assets.xcassets */; };
/* End PBXBuildFile section */

/* Begin PBXContainerItemProxy section */
		474D4C831BFA06A400D52396 /* PBXContainerItemProxy */ = {
			isa = PBXContainerItemProxy;
			containerPortal = 474D4C611BFA06A400D52396 /* Project object */;
			proxyType = 1;
			remoteGlobalIDString = 474D4C681BFA06A400D52396;
			remoteInfo = "猜图";
		};
		474D4C8E1BFA06A400D52396 /* PBXContainerItemProxy */ = {
			isa = PBXContainerItemProxy;
			containerPortal = 474D4C611BFA06A400D52396 /* Project object */;
			proxyType = 1;
			remoteGlobalIDString = 474D4C681BFA06A400D52396;
			remoteInfo = "猜图";
		};
/* End PBXContainerItemProxy section */

/* Begin PBXFileReference section */
		474D4C691BFA06A400D52396 /* 猜图.app */ = {isa = PBXFileReference; explicitFileType = wrapper.application; includeInIndex = 0; path = "猜图.app"; sourceTree = BUILT_PRODUCTS_DIR; };
		474D4C6D1BFA06A400D52396 /* main.m */ = {isa = PBXFileReference; lastKnownFileType = sourcecode.c.objc; path = main.m; sourceTree = "<group>"; };
		474D4C6F1BFA06A400D52396 /* AppDelegate.h */ = {isa = PBXFileReference; lastKnownFileType = sourcecode.c.h; path = AppDelegate.h; sourceTree = "<group>"; };
		474D4C701BFA06A400D52396 /* AppDelegate.m */ = {isa = PBXFileReference; lastKnownFileType = sourcecode.c.objc; path = AppDelegate.m; sourceTree = "<group>"; };
		474D4C721BFA06A400D52396 /* ViewController.h */ = {isa = PBXFileReference; lastKnownFileType = sourcecode.c.h; path = ViewController.h; sourceTree = "<group>"; };
		474D4C731BFA06A400D52396 /* ViewController.m */ = {isa = PBXFileReference; lastKnownFileType = sourcecode.c.objc; path = ViewController.m; sourceTree = "<group>"; };
		474D4C761BFA06A400D52396 /* Base */ = {isa = PBXFileReference; lastKnownFileType = file.storyboard; name = Base; path = Base.lproj/Main.storyboard; sourceTree = "<group>"; };
		474D4C7B1BFA06A400D52396 /* Base */ = {isa = PBXFileReference; lastKnownFileType = file.storyboard; name = Base; path = Base.lproj/LaunchScreen.storyboard; sourceTree = "<group>"; };
		474D4C7D1BFA06A400D52396 /* Info.plist */ = {isa = PBXFileReference; lastKnownFileType = text.plist.xml; path = Info.plist; sourceTree = "<group>"; };
		474D4C821BFA06A400D52396 /* 猜图Tests.xctest */ = {isa = PBXFileReference; explicitFileType = wrapper.cfbundle; includeInIndex = 0; path = "猜图Tests.xctest"; sourceTree = BUILT_PRODUCTS_DIR; };
		474D4C861BFA06A400D52396 /* __Tests.m */ = {isa = PBXFileReference; lastKnownFileType = sourcecode.c.objc; path = __Tests.m; sourceTree = "<group>"; };
		474D4C881BFA06A400D52396 /* Info.plist */ = {isa = PBXFileReference; lastKnownFileType = text.plist.xml; path = Info.plist; sourceTree = "<group>"; };
		474D4C8D1BFA06A400D52396 /* 猜图UITests.xctest */ = {isa = PBXFileReference; explicitFileType = wrapper.cfbundle; includeInIndex = 0; path = "猜图UITests.xctest"; sourceTree = BUILT_PRODUCTS_DIR; };
		474D4C911BFA06A400D52396 /* __UITests.m */ = {isa = PBXFileReference; lastKnownFileType = sourcecode.c.objc; path = __UITests.m; sourceTree = "<group>"; };
		474D4C931BFA06A400D52396 /* Info.plist */ = {isa = PBXFileReference; lastKnownFileType = text.plist.xml; path = Info.plist; sourceTree = "<group>"; };
		474D4C9F1BFA06F600D52396 /* Assets.xcassets */ = {isa = PBXFileReference; lastKnownFileType = folder.assetcatalog; path = Assets.xcassets; sourceTree = "<group>"; };
/* End PBXFileReference section */

/* Begin PBXFrameworksBuildPhase section */
		474D4C661BFA06A400D52396 /* Frameworks */ = {
			isa = PBXFrameworksBuildPhase;
			buildActionMask = 2147483647;
			files = (
			);
			runOnlyForDeploymentPostprocessing = 0;
		};
		474D4C7F1BFA06A400D52396 /* Frameworks */ = {
			isa = PBXFrameworksBuildPhase;
			buildActionMask = 2147483647;
			files = (
			);
			runOnlyForDeploymentPostprocessing = 0;
		};
		474D4C8A1BFA06A400D52396 /* Frameworks */ = {
			isa = PBXFrameworksBuildPhase;
			buildActionMask = 2147483647;
			files = (
			);
			runOnlyForDeploymentPostprocessing = 0;
		};
/* End PBXFrameworksBuildPhase section */

/* Begin PBXGroup section */
		474D4C601BFA06A400D52396 = {
			isa = PBXGroup;
			children = (
				474D4C6B1BFA06A400D52396 /* 猜图 */,
				474D4C851BFA06A400D52396 /* 猜图Tests */,
				474D4C901BFA06A400D52396 /* 猜图UITests */,
				474D4C6A1BFA06A400D52396 /* Products */,
			);
			sourceTree = "<group>";
		};
		474D4C6A1BFA06A400D52396 /* Products */ = {
			isa = PBXGroup;
			children = (
				474D4C691BFA06A400D52396 /* 猜图.app */,
				474D4C821BFA06A400D52396 /* 猜图Tests.xctest */,
				474D4C8D1BFA06A400D52396 /* 猜图UITests.xctest */,
			);
			name = Products;
			sourceTree = "<group>";
		};
		474D4C6B1BFA06A400D52396 /* 猜图 */ = {
			isa = PBXGroup;
			children = (
				474D4C6F1BFA06A400D52396 /* AppDelegate.h */,
				474D4C701BFA06A400D52396 /* AppDelegate.m */,
				474D4C721BFA06A400D52396 /* ViewController.h */,
				474D4C731BFA06A400D52396 /* ViewController.m */,
				474D4C751BFA06A400D52396 /* Main.storyboard */,
				474D4C9F1BFA06F600D52396 /* Assets.xcassets */,
				474D4C7A1BFA06A400D52396 /* LaunchScreen.storyboard */,
				474D4C7D1BFA06A400D52396 /* Info.plist */,
				474D4C6C1BFA06A400D52396 /* Supporting Files */,
			);
			path = "猜图";
			sourceTree = "<group>";
		};
		474D4C6C1BFA06A400D52396 /* Supporting Files */ = {
			isa = PBXGroup;
			children = (
				474D4C6D1BFA06A400D52396 /* main.m */,
			);
			name = "Supporting Files";
			sourceTree = "<group>";
		};
		474D4C851BFA06A400D52396 /* 猜图Tests */ = {
			isa = PBXGroup;
			children = (
				474D4C861BFA06A400D52396 /* __Tests.m */,
				474D4C881BFA06A400D52396 /* Info.plist */,
			);
			path = "猜图Tests";
			sourceTree = "<group>";
		};
		474D4C901BFA06A400D52396 /* 猜图UITests */ = {
			isa = PBXGroup;
			children = (
				474D4C911BFA06A400D52396 /* __UITests.m */,
				474D4C931BFA06A400D52396 /* Info.plist */,
			);
			path = "猜图UITests";
			sourceTree = "<group>";
		};
/* End PBXGroup section */

/* Begin PBXNativeTarget section */
		474D4C681BFA06A400D52396 /* 猜图 */ = {
			isa = PBXNativeTarget;
			buildConfigurationList = 474D4C961BFA06A400D52396 /* Build configuration list for PBXNativeTarget "猜图" */;
			buildPhases = (
				474D4C651BFA06A400D52396 /* Sources */,
				474D4C661BFA06A400D52396 /* Frameworks */,
				474D4C671BFA06A400D52396 /* Resources */,
			);
			buildRules = (
			);
			dependencies = (
			);
			name = "猜图";
			productName = "猜图";
			productReference = 474D4C691BFA06A400D52396 /* 猜图.app */;
			productType = "com.apple.product-type.application";
		};
		474D4C811BFA06A400D52396 /* 猜图Tests */ = {
			isa = PBXNativeTarget;
			buildConfigurationList = 474D4C991BFA06A400D52396 /* Build configuration list for PBXNativeTarget "猜图Tests" */;
			buildPhases = (
				474D4C7E1BFA06A400D52396 /* Sources */,
				474D4C7F1BFA06A400D52396 /* Frameworks */,
				474D4C801BFA06A400D52396 /* Resources */,
			);
			buildRules = (
			);
			dependencies = (
				474D4C841BFA06A400D52396 /* PBXTargetDependency */,
			);
			name = "猜图Tests";
			productName = "猜图Tests";
			productReference = 474D4C821BFA06A400D52396 /* 猜图Tests.xctest */;
			productType = "com.apple.product-type.bundle.unit-test";
		};
		474D4C8C1BFA06A400D52396 /* 猜图UITests */ = {
			isa = PBXNativeTarget;
			buildConfigurationList = 474D4C9C1BFA06A400D52396 /* Build configuration list for PBXNativeTarget "猜图UITests" */;
			buildPhases = (
				474D4C891BFA06A400D52396 /* Sources */,
				474D4C8A1BFA06A400D52396 /* Frameworks */,
				474D4C8B1BFA06A400D52396 /* Resources */,
			);
			buildRules = (
			);
			dependencies = (
				474D4C8F1BFA06A400D52396 /* PBXTargetDependency */,
			);
			name = "猜图UITests";
			productName = "猜图UITests";
			productReference = 474D4C8D1BFA06A400D52396 /* 猜图UITests.xctest */;
			productType = "com.apple.product-type.bundle.ui-testing";
		};
/* End PBXNativeTarget section */

/* Begin PBXProject section */
		474D4C611BFA06A400D52396 /* Project object */ = {
			isa = PBXProject;
			attributes = {
				LastUpgradeCheck = 0710;
				ORGANIZATIONNAME = Haoxiang;
				TargetAttributes = {
					474D4C681BFA06A400D52396 = {
						CreatedOnToolsVersion = 7.1.1;
						DevelopmentTeam = D4D26GECAC;
					};
					474D4C811BFA06A400D52396 = {
						CreatedOnToolsVersion = 7.1.1;
						DevelopmentTeam = D4D26GECAC;
						TestTargetID = 474D4C681BFA06A400D52396;
					};
					474D4C8C1BFA06A400D52396 = {
						CreatedOnToolsVersion = 7.1.1;
						DevelopmentTeam = D4D26GECAC;
						TestTargetID = 474D4C681BFA06A400D52396;
					};
				};
			};
			buildConfigurationList = 474D4C641BFA06A400D52396 /* Build configuration list for PBXProject "猜图" */;
			compatibilityVersion = "Xcode 3.2";
			developmentRegion = English;
			hasScannedForEncodings = 0;
			knownRegions = (
				en,
				Base,
			);
			mainGroup = 474D4C601BFA06A400D52396;
			productRefGroup = 474D4C6A1BFA06A400D52396 /* Products */;
			projectDirPath = "";
			projectRoot = "";
			targets = (
				474D4C681BFA06A400D52396 /* 猜图 */,
				474D4C811BFA06A400D52396 /* 猜图Tests */,
				474D4C8C1BFA06A400D52396 /* 猜图UITests */,
			);
		};
/* End PBXProject section */

/* Begin PBXResourcesBuildPhase section */
		474D4C671BFA06A400D52396 /* Resources */ = {
			isa = PBXResourcesBuildPhase;
			buildActionMask = 2147483647;
			files = (
				474D4C7C1BFA06A400D52396 /* LaunchScreen.storyboard in Resources */,
				474D4CA01BFA06F600D52396 /* Assets.xcassets in Resources */,
				474D4C771BFA06A400D52396 /* Main.storyboard in Resources */,
			);
			runOnlyForDeploymentPostprocessing = 0;
		};
		474D4C801BFA06A400D52396 /* Resources */ = {
			isa = PBXResourcesBuildPhase;
			buildActionMask = 2147483647;
			files = (
			);
			runOnlyForDeploymentPostprocessing = 0;
		};
		474D4C8B1BFA06A400D52396 /* Resources */ = {
			isa = PBXResourcesBuildPhase;
			buildActionMask = 2147483647;
			files = (
			);
			runOnlyForDeploymentPostprocessing = 0;
		};
/* End PBXResourcesBuildPhase section */

/* Begin PBXSourcesBuildPhase section */
		474D4C651BFA06A400D52396 /* Sources */ = {
			isa = PBXSourcesBuildPhase;
			buildActionMask = 2147483647;
			files = (
				474D4C741BFA06A400D52396 /* ViewController.m in Sources */,
				474D4C711BFA06A400D52396 /* AppDelegate.m in Sources */,
				474D4C6E1BFA06A400D52396 /* main.m in Sources */,
			);
			runOnlyForDeploymentPostprocessing = 0;
		};
		474D4C7E1BFA06A400D52396 /* Sources */ = {
			isa = PBXSourcesBuildPhase;
			buildActionMask = 2147483647;
			files = (
				474D4C871BFA06A400D52396 /* __Tests.m in Sources */,
			);
			runOnlyForDeploymentPostprocessing = 0;
		};
		474D4C891BFA06A400D52396 /* Sources */ = {
			isa = PBXSourcesBuildPhase;
			buildActionMask = 2147483647;
			files = (
				474D4C921BFA06A400D52396 /* __UITests.m in Sources */,
			);
			runOnlyForDeploymentPostprocessing = 0;
		};
/* End PBXSourcesBuildPhase section */

/* Begin PBXTargetDependency section */
		474D4C841BFA06A400D52396 /* PBXTargetDependency */ = {
			isa = PBXTargetDependency;
			target = 474D4C681BFA06A400D52396 /* 猜图 */;
			targetProxy = 474D4C831BFA06A400D52396 /* PBXContainerItemProxy */;
		};
		474D4C8F1BFA06A400D52396 /* PBXTargetDependency */ = {
			isa = PBXTargetDependency;
			target = 474D4C681BFA06A400D52396 /* 猜图 */;
			targetProxy = 474D4C8E1BFA06A400D52396 /* PBXContainerItemProxy */;
		};
/* End PBXTargetDependency section */

/* Begin PBXVariantGroup section */
		474D4C751BFA06A400D52396 /* Main.storyboard */ = {
			isa = PBXVariantGroup;
			children = (
				474D4C761BFA06A400D52396 /* Base */,
			);
			name = Main.storyboard;
			sourceTree = "<group>";
		};
		474D4C7A1BFA06A400D52396 /* LaunchScreen.storyboard */ = {
			isa = PBXVariantGroup;
			children = (
				474D4C7B1BFA06A400D52396 /* Base */,
			);
			name = LaunchScreen.storyboard;
			sourceTree = "<group>";
		};
/* End PBXVariantGroup section */

/* Begin XCBuildConfiguration section */
		474D4C941BFA06A400D52396 /* Debug */ = {
			isa = XCBuildConfiguration;
			buildSettings = {
				ALWAYS_SEARCH_USER_PATHS = NO;
				CLANG_CXX_LANGUAGE_STANDARD = "gnu++0x";
				CLANG_CXX_LIBRARY = "libc++";
				CLANG_ENABLE_MODULES = YES;
				CLANG_ENABLE_OBJC_ARC = YES;
				CLANG_WARN_BOOL_CONVERSION = YES;
				CLANG_WARN_CONSTANT_CONVERSION = YES;
				CLANG_WARN_DIRECT_OBJC_ISA_USAGE = YES_ERROR;
				CLANG_WARN_EMPTY_BODY = YES;
				CLANG_WARN_ENUM_CONVERSION = YES;
				CLANG_WARN_INT_CONVERSION = YES;
				CLANG_WARN_OBJC_ROOT_CLASS = YES_ERROR;
				CLANG_WARN_UNREACHABLE_CODE = YES;
				CLANG_WARN__DUPLICATE_METHOD_MATCH = YES;
				"CODE_SIGN_IDENTITY[sdk=iphoneos*]" = "iPhone Developer";
				COPY_PHASE_STRIP = NO;
				DEBUG_INFORMATION_FORMAT = dwarf;
				ENABLE_STRICT_OBJC_MSGSEND = YES;
				ENABLE_TESTABILITY = YES;
				GCC_C_LANGUAGE_STANDARD = gnu99;
				GCC_DYNAMIC_NO_PIC = NO;
				GCC_NO_COMMON_BLOCKS = YES;
				GCC_OPTIMIZATION_LEVEL = 0;
				GCC_PREPROCESSOR_DEFINITIONS = (
					"DEBUG=1",
					"$(inherited)",
				);
				GCC_WARN_64_TO_32_BIT_CONVERSION = YES;
				GCC_WARN_ABOUT_RETURN_TYPE = YES_ERROR;
				GCC_WARN_UNDECLARED_SELECTOR = YES;
				GCC_WARN_UNINITIALIZED_AUTOS = YES_AGGRESSIVE;
				GCC_WARN_UNUSED_FUNCTION = YES;
				GCC_WARN_UNUSED_VARIABLE = YES;
				IPHONEOS_DEPLOYMENT_TARGET = 9.1;
				MTL_ENABLE_DEBUG_INFO = YES;
				ONLY_ACTIVE_ARCH = YES;
				SDKROOT = iphoneos;
			};
			name = Debug;
		};
		474D4C951BFA06A400D52396 /* Release */ = {
			isa = XCBuildConfiguration;
			buildSettings = {
				ALWAYS_SEARCH_USER_PATHS = NO;
				CLANG_CXX_LANGUAGE_STANDARD = "gnu++0x";
				CLANG_CXX_LIBRARY = "libc++";
				CLANG_ENABLE_MODULES = YES;
				CLANG_ENABLE_OBJC_ARC = YES;
				CLANG_WARN_BOOL_CONVERSION = YES;
				CLANG_WARN_CONSTANT_CONVERSION = YES;
				CLANG_WARN_DIRECT_OBJC_ISA_USAGE = YES_ERROR;
				CLANG_WARN_EMPTY_BODY = YES;
				CLANG_WARN_ENUM_CONVERSION = YES;
				CLANG_WARN_INT_CONVERSION = YES;
				CLANG_WARN_OBJC_ROOT_CLASS = YES_ERROR;
				CLANG_WARN_UNREACHABLE_CODE = YES;
				CLANG_WARN__DUPLICATE_METHOD_MATCH = YES;
				"CODE_SIGN_IDENTITY[sdk=iphoneos*]" = "iPhone Developer";
				COPY_PHASE_STRIP = NO;
				DEBUG_INFORMATION_FORMAT = "dwarf-with-dsym";
				ENABLE_NS_ASSERTIONS = NO;
				ENABLE_STRICT_OBJC_MSGSEND = YES;
				GCC_C_LANGUAGE_STANDARD = gnu99;
				GCC_NO_COMMON_BLOCKS = YES;
				GCC_WARN_64_TO_32_BIT_CONVERSION = YES;
				GCC_WARN_ABOUT_RETURN_TYPE = YES_ERROR;
				GCC_WARN_UNDECLARED_SELECTOR = YES;
				GCC_WARN_UNINITIALIZED_AUTOS = YES_AGGRESSIVE;
				GCC_WARN_UNUSED_FUNCTION = YES;
				GCC_WARN_UNUSED_VARIABLE = YES;
				IPHONEOS_DEPLOYMENT_TARGET = 9.1;
				MTL_ENABLE_DEBUG_INFO = NO;
				SDKROOT = iphoneos;
				VALIDATE_PRODUCT = YES;
			};
			name = Release;
		};
		474D4C971BFA06A400D52396 /* Debug */ = {
			isa = XCBuildConfiguration;
			buildSettings = {
				ASSETCATALOG_COMPILER_APPICON_NAME = AppIcon;
				INFOPLIST_FILE = "猜图/Info.plist";
				LD_RUNPATH_SEARCH_PATHS = "$(inherited) @executable_path/Frameworks";
				PRODUCT_BUNDLE_IDENTIFIER = "wuhx.--";
				PRODUCT_NAME = "$(TARGET_NAME)";
			};
			name = Debug;
		};
		474D4C981BFA06A400D52396 /* Release */ = {
			isa = XCBuildConfiguration;
			buildSettings = {
				ASSETCATALOG_COMPILER_APPICON_NAME = AppIcon;
				INFOPLIST_FILE = "猜图/Info.plist";
				LD_RUNPATH_SEARCH_PATHS = "$(inherited) @executable_path/Frameworks";
				PRODUCT_BUNDLE_IDENTIFIER = "wuhx.--";
				PRODUCT_NAME = "$(TARGET_NAME)";
			};
			name = Release;
		};
		474D4C9A1BFA06A400D52396 /* Debug */ = {
			isa = XCBuildConfiguration;
			buildSettings = {
				BUNDLE_LOADER = "$(TEST_HOST)";
				INFOPLIST_FILE = "猜图Tests/Info.plist";
				LD_RUNPATH_SEARCH_PATHS = "$(inherited) @executable_path/Frameworks @loader_path/Frameworks";
				PRODUCT_BUNDLE_IDENTIFIER = "wuhx.--Tests";
				PRODUCT_NAME = "$(TARGET_NAME)";
				TEST_HOST = "$(BUILT_PRODUCTS_DIR)/猜图.app/猜图";
			};
			name = Debug;
		};
		474D4C9B1BFA06A400D52396 /* Release */ = {
			isa = XCBuildConfiguration;
			buildSettings = {
				BUNDLE_LOADER = "$(TEST_HOST)";
				INFOPLIST_FILE = "猜图Tests/Info.plist";
				LD_RUNPATH_SEARCH_PATHS = "$(inherited) @executable_path/Frameworks @loader_path/Frameworks";
				PRODUCT_BUNDLE_IDENTIFIER = "wuhx.--Tests";
				PRODUCT_NAME = "$(TARGET_NAME)";
				TEST_HOST = "$(BUILT_PRODUCTS_DIR)/猜图.app/猜图";
			};
			name = Release;
		};
		474D4C9D1BFA06A400D52396 /* Debug */ = {
			isa = XCBuildConfiguration;
			buildSettings = {
				INFOPLIST_FILE = "猜图UITests/Info.plist";
				LD_RUNPATH_SEARCH_PATHS = "$(inherited) @executable_path/Frameworks @loader_path/Frameworks";
				PRODUCT_BUNDLE_IDENTIFIER = "wuhx.--UITests";
				PRODUCT_NAME = "$(TARGET_NAME)";
				TEST_TARGET_NAME = "猜图";
				USES_XCTRUNNER = YES;
			};
			name = Debug;
		};
		474D4C9E1BFA06A400D52396 /* Release */ = {
			isa = XCBuildConfiguration;
			buildSettings = {
				INFOPLIST_FILE = "猜图UITests/Info.plist";
				LD_RUNPATH_SEARCH_PATHS = "$(inherited) @executable_path/Frameworks @loader_path/Frameworks";
				PRODUCT_BUNDLE_IDENTIFIER = "wuhx.--UITests";
				PRODUCT_NAME = "$(TARGET_NAME)";
				TEST_TARGET_NAME = "猜图";
				USES_XCTRUNNER = YES;
			};
			name = Release;
		};
/* End XCBuildConfiguration section */

/* Begin XCConfigurationList section */
		474D4C641BFA06A400D52396 /* Build configuration list for PBXProject "猜图" */ = {
			isa = XCConfigurationList;
			buildConfigurations = (
				474D4C941BFA06A400D52396 /* Debug */,
				474D4C951BFA06A400D52396 /* Release */,
			);
			defaultConfigurationIsVisible = 0;
			defaultConfigurationName = Release;
		};
		474D4C961BFA06A400D52396 /* Build configuration list for PBXNativeTarget "猜图" */ = {
			isa = XCConfigurationList;
			buildConfigurations = (
				474D4C971BFA06A400D52396 /* Debug */,
				474D4C981BFA06A400D52396 /* Release */,
			);
			defaultConfigurationIsVisible = 0;
		};
		474D4C991BFA06A400D52396 /* Build configuration list for PBXNativeTarget "猜图Tests" */ = {
			isa = XCConfigurationList;
			buildConfigurations = (
				474D4C9A1BFA06A400D52396 /* Debug */,
				474D4C9B1BFA06A400D52396 /* Release */,
			);
			defaultConfigurationIsVisible = 0;
		};
		474D4C9C1BFA06A400D52396 /* Build configuration list for PBXNativeTarget "猜图UITests" */ = {
			isa = XCConfigurationList;
			buildConfigurations = (
				474D4C9D1BFA06A400D52396 /* Debug */,
				474D4C9E1BFA06A400D52396 /* Release */,
			);
			defaultConfigurationIsVisible = 0;
		};
/* End XCConfigurationList section */
	};
	rootObject = 474D4C611BFA06A400D52396 /* Project object */;
}
